// !$*UTF8*$!
{
	archiveVersion = 1;
	classes = {
	};
	objectVersion = 46;
	objects = {

/* Begin PBXBuildFile section */
		D09EB4D6213AA5C600085712 /* AppDelegate.swift in Sources */ = {isa = PBXBuildFile; fileRef = D09EB4D5213AA5C600085712 /* AppDelegate.swift */; };
		D09EB4D8213AA5C600085712 /* ViewController.swift in Sources */ = {isa = PBXBuildFile; fileRef = D09EB4D7213AA5C600085712 /* ViewController.swift */; };
		D09EB4DB213AA5C600085712 /* Main.storyboard in Resources */ = {isa = PBXBuildFile; fileRef = D09EB4D9213AA5C600085712 /* Main.storyboard */; };
		D09EB4DD213AA5C600085712 /* Assets.xcassets in Resources */ = {isa = PBXBuildFile; fileRef = D09EB4DC213AA5C600085712 /* Assets.xcassets */; };
		D09EB4E0213AA5C600085712 /* LaunchScreen.storyboard in Resources */ = {isa = PBXBuildFile; fileRef = D09EB4DE213AA5C600085712 /* LaunchScreen.storyboard */; };
/* End PBXBuildFile section */

/* Begin PBXFileReference section */
		D09EB4D2213AA5C500085712 /* MyMap2.app */ = {isa = PBXFileReference; explicitFileType = wrapper.application; includeInIndex = 0; path = MyMap2.app; sourceTree = BUILT_PRODUCTS_DIR; };
		D09EB4D5213AA5C600085712 /* AppDelegate.swift */ = {isa = PBXFileReference; lastKnownFileType = sourcecode.swift; path = AppDelegate.swift; sourceTree = "<group>"; };
		D09EB4D7213AA5C600085712 /* ViewController.swift */ = {isa = PBXFileReference; lastKnownFileType = sourcecode.swift; path = ViewController.swift; sourceTree = "<group>"; };
		D09EB4DA213AA5C600085712 /* Base */ = {isa = PBXFileReference; lastKnownFileType = file.storyboard; name = Base; path = Base.lproj/Main.storyboard; sourceTree = "<group>"; };
		D09EB4DC213AA5C600085712 /* Assets.xcassets */ = {isa = PBXFileReference; lastKnownFileType = folder.assetcatalog; path = Assets.xcassets; sourceTree = "<group>"; };
		D09EB4DF213AA5C600085712 /* Base */ = {isa = PBXFileReference; lastKnownFileType = file.storyboard; name = Base; path = Base.lproj/LaunchScreen.storyboard; sourceTree = "<group>"; };
		D09EB4E1213AA5C600085712 /* Info.plist */ = {isa = PBXFileReference; lastKnownFileType = text.plist.xml; path = Info.plist; sourceTree = "<group>"; };
/* End PBXFileReference section */

/* Begin PBXFrameworksBuildPhase section */
		D09EB4CF213AA5C500085712 /* Frameworks */ = {
			isa = PBXFrameworksBuildPhase;
			buildActionMask = 2147483647;
			files = (
			);
			runOnlyForDeploymentPostprocessing = 0;
		};
/* End PBXFrameworksBuildPhase section */

/* Begin PBXGroup section */
		D09EB4C9213AA5C500085712 = {
			isa = PBXGroup;
			children = (
				D09EB4D4213AA5C500085712 /* MyMap2 */,
				D09EB4D3213AA5C500085712 /* Products */,
			);
			sourceTree = "<group>";
		};
		D09EB4D3213AA5C500085712 /* Products */ = {
			isa = PBXGroup;
			children = (
				D09EB4D2213AA5C500085712 /* MyMap2.app */,
			);
			name = Products;
			sourceTree = "<group>";
		};
		D09EB4D4213AA5C500085712 /* MyMap2 */ = {
			isa = PBXGroup;
			children = (
				D09EB4D5213AA5C600085712 /* AppDelegate.swift */,
				D09EB4D7213AA5C600085712 /* ViewController.swift */,
				D09EB4D9213AA5C600085712 /* Main.storyboard */,
				D09EB4DC213AA5C600085712 /* Assets.xcassets */,
				D09EB4DE213AA5C600085712 /* LaunchScreen.storyboard */,
				D09EB4E1213AA5C600085712 /* Info.plist */,
			);
			path = MyMap2;
			sourceTree = "<group>";
		};
/* End PBXGroup section */

/* Begin PBXNativeTarget section */
		D09EB4D1213AA5C500085712 /* MyMap2 */ = {
			isa = PBXNativeTarget;
			buildConfigurationList = D09EB4E4213AA5C600085712 /* Build configuration list for PBXNativeTarget "MyMap2" */;
			buildPhases = (
				D09EB4CE213AA5C500085712 /* Sources */,
				D09EB4CF213AA5C500085712 /* Frameworks */,
				D09EB4D0213AA5C500085712 /* Resources */,
			);
			buildRules = (
			);
			dependencies = (
			);
			name = MyMap2;
			productName = MyMap2;
			productReference = D09EB4D2213AA5C500085712 /* MyMap2.app */;
			productType = "com.apple.product-type.application";
		};
/* End PBXNativeTarget section */

/* Begin PBXProject section */
		D09EB4CA213AA5C500085712 /* Project object */ = {
			isa = PBXProject;
			attributes = {
				LastSwiftUpdateCheck = 0820;
				LastUpgradeCheck = 0820;
				ORGANIZATIONNAME = nishikoyama;
				TargetAttributes = {
					D09EB4D1213AA5C500085712 = {
						CreatedOnToolsVersion = 8.2.1;
						ProvisioningStyle = Automatic;
					};
				};
			};
			buildConfigurationList = D09EB4CD213AA5C500085712 /* Build configuration list for PBXProject "MyMap2" */;
			compatibilityVersion = "Xcode 3.2";
			developmentRegion = English;
			hasScannedForEncodings = 0;
			knownRegions = (
				en,
				Base,
			);
			mainGroup = D09EB4C9213AA5C500085712;
			productRefGroup = D09EB4D3213AA5C500085712 /* Products */;
			projectDirPath = "";
			projectRoot = "";
			targets = (
				D09EB4D1213AA5C500085712 /* MyMap2 */,
			);
		};
/* End PBXProject section */

/* Begin PBXResourcesBuildPhase section */
		D09EB4D0213AA5C500085712 /* Resources */ = {
			isa = PBXResourcesBuildPhase;
			buildActionMask = 2147483647;
			files = (
				D09EB4E0213AA5C600085712 /* LaunchScreen.storyboard in Resources */,
				D09EB4DD213AA5C600085712 /* Assets.xcassets in Resources */,
				D09EB4DB213AA5C600085712 /* Main.storyboard in Resources */,
			);
			runOnlyForDeploymentPostprocessing = 0;
		};
/* End PBXResourcesBuildPhase section */

/* Begin PBXSourcesBuildPhase section */
		D09EB4CE213AA5C500085712 /* Sources */ = {
			isa = PBXSourcesBuildPhase;
			buildActionMask = 2147483647;
			files = (
				D09EB4D8213AA5C600085712 /* ViewController.swift in Sources */,
				D09EB4D6213AA5C600085712 /* AppDelegate.swift in Sources */,
			);
			runOnlyForDeploymentPostprocessing = 0;
		};
/* End PBXSourcesBuildPhase section */

/* Begin PBXVariantGroup section */
		D09EB4D9213AA5C600085712 /* Main.storyboard */ = {
			isa = PBXVariantGroup;
			children = (
				D09EB4DA213AA5C600085712 /* Base */,
			);
			name = Main.storyboard;
			sourceTree = "<group>";
		};
		D09EB4DE213AA5C600085712 /* LaunchScreen.storyboard */ = {
			isa = PBXVariantGroup;
			children = (
				D09EB4DF213AA5C600085712 /* Base */,
			);
			name = LaunchScreen.storyboard;
			sourceTree = "<group>";
		};
/* End PBXVariantGroup section */

/* Begin XCBuildConfiguration section */
		D09EB4E2213AA5C600085712 /* Debug */ = {
			isa = XCBuildConfiguration;
			buildSettings = {
				ALWAYS_SEARCH_USER_PATHS = NO;
				CLANG_ANALYZER_NONNULL = YES;
				CLANG_CXX_LANGUAGE_STANDARD = "gnu++0x";
				CLANG_CXX_LIBRARY = "libc++";
				CLANG_ENABLE_MODULES = YES;
				CLANG_ENABLE_OBJC_ARC = YES;
				CLANG_WARN_BOOL_CONVERSION = YES;
				CLANG_WARN_CONSTANT_CONVERSION = YES;
				CLANG_WARN_DIRECT_OBJC_ISA_USAGE = YES_ERROR;
				CLANG_WARN_DOCUMENTATION_COMMENTS = YES;
				CLANG_WARN_EMPTY_BODY = YES;
				CLANG_WARN_ENUM_CONVERSION = YES;
				CLANG_WARN_INFINITE_RECURSION = YES;
				CLANG_WARN_INT_CONVERSION = YES;
				CLANG_WARN_OBJC_ROOT_CLASS = YES_ERROR;
				CLANG_WARN_SUSPICIOUS_MOVE = YES;
				CLANG_WARN_UNREACHABLE_CODE = YES;
				CLANG_WARN__DUPLICATE_METHOD_MATCH = YES;
				"CODE_SIGN_IDENTITY[sdk=iphoneos*]" = "iPhone Developer";
				COPY_PHASE_STRIP = NO;
				DEBUG_INFORMATION_FORMAT = dwarf;
				ENABLE_STRICT_OBJC_MSGSEND = YES;
				ENABLE_TESTABILITY = YES;
				GCC_C_LANGUAGE_STANDARD = gnu99;
				GCC_DYNAMIC_NO_PIC = NO;
				GCC_NO_COMMON_BLOCKS = YES;
				GCC_OPTIMIZATION_LEVEL = 0;
				GCC_PREPROCESSOR_DEFINITIONS = (
					"DEBUG=1",
					"$(inherited)",
				);
				GCC_WARN_64_TO_32_BIT_CONVERSION = YES;
				GCC_WARN_ABOUT_RETURN_TYPE = YES_ERROR;
				GCC_WARN_UNDECLARED_SELECTOR = YES;
				GCC_WARN_UNINITIALIZED_AUTOS = YES_AGGRESSIVE;
				GCC_WARN_UNUSED_FUNCTION = YES;
				GCC_WARN_UNUSED_VARIABLE = YES;
				IPHONEOS_DEPLOYMENT_TARGET = 10.2;
				MTL_ENABLE_DEBUG_INFO = YES;
				ONLY_ACTIVE_ARCH = YES;
				SDKROOT = iphoneos;
				SWIFT_ACTIVE_COMPILATION_CONDITIONS = DEBUG;
				SWIFT_OPTIMIZATION_LEVEL = "-Onone";
				TARGETED_DEVICE_FAMILY = "1,2";
			};
			name = Debug;
		};
		D09EB4E3213AA5C600085712 /* Release */ = {
			isa = XCBuildConfiguration;
			buildSettings = {
				ALWAYS_SEARCH_USER_PATHS = NO;
				CLANG_ANALYZER_NONNULL = YES;
				CLANG_CXX_LANGUAGE_STANDARD = "gnu++0x";
				CLANG_CXX_LIBRARY = "libc++";
				CLANG_ENABLE_MODULES = YES;
				CLANG_ENABLE_OBJC_ARC = YES;
				CLANG_WARN_BOOL_CONVERSION = YES;
				CLANG_WARN_CONSTANT_CONVERSION = YES;
				CLANG_WARN_DIRECT_OBJC_ISA_USAGE = YES_ERROR;
				CLANG_WARN_DOCUMENTATION_COMMENTS = YES;
				CLANG_WARN_EMPTY_BODY = YES;
				CLANG_WARN_ENUM_CONVERSION = YES;
				CLANG_WARN_INFINITE_RECURSION = YES;
				CLANG_WARN_INT_CONVERSION = YES;
				CLANG_WARN_OBJC_ROOT_CLASS = YES_ERROR;
				CLANG_WARN_SUSPICIOUS_MOVE = YES;
				CLANG_WARN_UNREACHABLE_CODE = YES;
				CLANG_WARN__DUPLICATE_METHOD_MATCH = YES;
				"CODE_SIGN_IDENTITY[sdk=iphoneos*]" = "iPhone Developer";
				COPY_PHASE_STRIP = NO;
				DEBUG_INFORMATION_FORMAT = "dwarf-with-dsym";
				ENABLE_NS_ASSERTIONS = NO;
				ENABLE_STRICT_OBJC_MSGSEND = YES;
				GCC_C_LANGUAGE_STANDARD = gnu99;
				GCC_NO_COMMON_BLOCKS = YES;
				GCC_WARN_64_TO_32_BIT_CONVERSION = YES;
				GCC_WARN_ABOUT_RETURN_TYPE = YES_ERROR;
				GCC_WARN_UNDECLARED_SELECTOR = YES;
				GCC_WARN_UNINITIALIZED_AUTOS = YES_AGGRESSIVE;
				GCC_WARN_UNUSED_FUNCTION = YES;
				GCC_WARN_UNUSED_VARIABLE = YES;
				IPHONEOS_DEPLOYMENT_TARGET = 10.2;
				MTL_ENABLE_DEBUG_INFO = NO;
				SDKROOT = iphoneos;
				SWIFT_OPTIMIZATION_LEVEL = "-Owholemodule";
				TARGETED_DEVICE_FAMILY = "1,2";
				VALIDATE_PRODUCT = YES;
			};
			name = Release;
		};
		D09EB4E5213AA5C600085712 /* Debug */ = {
			isa = XCBuildConfiguration;
			buildSettings = {
				ASSETCATALOG_COMPILER_APPICON_NAME = AppIcon;
				INFOPLIST_FILE = MyMap2/Info.plist;
				LD_RUNPATH_SEARCH_PATHS = "$(inherited) @executable_path/Frameworks";
				PRODUCT_BUNDLE_IDENTIFIER = nishikoyama.MyMap2;
				PRODUCT_NAME = "$(TARGET_NAME)";
				SWIFT_VERSION = 3.0;
			};
			name = Debug;
		};
		D09EB4E6213AA5C600085712 /* Release */ = {
			isa = XCBuildConfiguration;
			buildSettings = {
				ASSETCATALOG_COMPILER_APPICON_NAME = AppIcon;
				INFOPLIST_FILE = MyMap2/Info.plist;
				LD_RUNPATH_SEARCH_PATHS = "$(inherited) @executable_path/Frameworks";
				PRODUCT_BUNDLE_IDENTIFIER = nishikoyama.MyMap2;
				PRODUCT_NAME = "$(TARGET_NAME)";
				SWIFT_VERSION = 3.0;
			};
			name = Release;
		};
/* End XCBuildConfiguration section */

/* Begin XCConfigurationList section */
		D09EB4CD213AA5C500085712 /* Build configuration list for PBXProject "MyMap2" */ = {
			isa = XCConfigurationList;
			buildConfigurations = (
				D09EB4E2213AA5C600085712 /* Debug */,
				D09EB4E3213AA5C600085712 /* Release */,
			);
			defaultConfigurationIsVisible = 0;
			defaultConfigurationName = Release;
		};
		D09EB4E4213AA5C600085712 /* Build configuration list for PBXNativeTarget "MyMap2" */ = {
			isa = XCConfigurationList;
			buildConfigurations = (
				D09EB4E5213AA5C600085712 /* Debug */,
				D09EB4E6213AA5C600085712 /* Release */,
			);
			defaultConfigurationIsVisible = 0;
		};
/* End XCConfigurationList section */
	};
	rootObject = D09EB4CA213AA5C500085712 /* Project object */;
}
